
Microsoft Visual Studio Solution File, Format Version 12.00
# Visual Studio 15
VisualStudioVersion = 15.0.27004.2009
MinimumVisualStudioVersion = 10.0.40219.1
Project("{8BC9CEB8-8B4A-11D0-8D11-00A0C91BC942}") = "8.4", "8.4\8.4.vcxproj", "{38932489-1A08-4C59-9357-679818C11848}"
EndProject
Global
	GlobalSection(SolutionConfigurationPlatforms) = preSolution
		Debug|x64 = Debug|x64
		Debug|x86 = Debug|x86
		Release|x64 = Release|x64
		Release|x86 = Release|x86
	EndGlobalSection
	GlobalSection(ProjectConfigurationPlatforms) = postSolution
		{38932489-1A08-4C59-9357-679818C11848}.Debug|x64.ActiveCfg = Debug|x64
		{38932489-1A08-4C59-9357-679818C11848}.Debug|x64.Build.0 = Debug|x64
		{38932489-1A08-4C59-9357-679818C11848}.Debug|x86.ActiveCfg = Debug|Win32
		{38932489-1A08-4C59-9357-679818C11848}.Debug|x86.Build.0 = Debug|Win32
		{38932489-1A08-4C59-9357-679818C11848}.Release|x64.ActiveCfg = Release|x64
		{38932489-1A08-4C59-9357-679818C11848}.Release|x64.Build.0 = Release|x64
		{38932489-1A08-4C59-9357-679818C11848}.Release|x86.ActiveCfg = Release|Win32
		{38932489-1A08-4C59-9357-679818C11848}.Release|x86.Build.0 = Release|Win32
	EndGlobalSection
	GlobalSection(SolutionProperties) = preSolution
		HideSolutionNode = FALSE
	EndGlobalSection
	GlobalSection(ExtensibilityGlobals) = postSolution
		SolutionGuid = {EE930044-99CA-40F5-AAF7-52A0F94B9552}
	EndGlobalSection
EndGlobal
